Microsoft Visual Studio Solution File, Format Version 11.00
# Visual Studio 2008

Project("{42F719B4-C530-DB91-1633-A23EC882A22D}") = "Island Shooter", "Assembly-CSharp-firstpass.csproj", "{6119F717-1B0C-EAF9-6F64-BA856751FBD7}"
EndProject
Project("{42F719B4-C530-DB91-1633-A23EC882A22D}") = "Island Shooter", "Assembly-CSharp.csproj", "{7CBBF670-A124-B4FD-AD24-FF8FEF741B1C}"
EndProject
Project("{42F719B4-C530-DB91-1633-A23EC882A22D}") = "Island Shooter", "Assembly-UnityScript-firstpass.unityproj", "{B2C10B99-489C-1D66-AC9E-37265B371DDD}"
EndProject
Global
	GlobalSection(SolutionConfigurationPlatforms) = preSolution
		Debug|Any CPU = Debug|Any CPU
		Release|Any CPU = Release|Any CPU
	EndGlobalSection
	GlobalSection(ProjectConfigurationPlatforms) = postSolution
		{6119F717-1B0C-EAF9-6F64-BA856751FBD7}.Debug|Any CPU.ActiveCfg = Debug|Any CPU
		{6119F717-1B0C-EAF9-6F64-BA856751FBD7}.Debug|Any CPU.Build.0 = Debug|Any CPU
		{6119F717-1B0C-EAF9-6F64-BA856751FBD7}.Release|Any CPU.ActiveCfg = Release|Any CPU
		{6119F717-1B0C-EAF9-6F64-BA856751FBD7}.Release|Any CPU.Build.0 = Release|Any CPU
		{7CBBF670-A124-B4FD-AD24-FF8FEF741B1C}.Debug|Any CPU.ActiveCfg = Debug|Any CPU
		{7CBBF670-A124-B4FD-AD24-FF8FEF741B1C}.Debug|Any CPU.Build.0 = Debug|Any CPU
		{7CBBF670-A124-B4FD-AD24-FF8FEF741B1C}.Release|Any CPU.ActiveCfg = Release|Any CPU
		{7CBBF670-A124-B4FD-AD24-FF8FEF741B1C}.Release|Any CPU.Build.0 = Release|Any CPU
		{B2C10B99-489C-1D66-AC9E-37265B371DDD}.Debug|Any CPU.ActiveCfg = Debug|Any CPU
		{B2C10B99-489C-1D66-AC9E-37265B371DDD}.Debug|Any CPU.Build.0 = Debug|Any CPU
		{B2C10B99-489C-1D66-AC9E-37265B371DDD}.Release|Any CPU.ActiveCfg = Release|Any CPU
		{B2C10B99-489C-1D66-AC9E-37265B371DDD}.Release|Any CPU.Build.0 = Release|Any CPU
	EndGlobalSection
	GlobalSection(SolutionProperties) = preSolution
		HideSolutionNode = FALSE
	EndGlobalSection
									GlobalSection(MonoDevelopProperties) = preSolution
		StartupItem = Assembly-CSharp.csproj
		Policies = $0
		$0.TextStylePolicy = $1
		$1.inheritsSet = null
		$1.scope = text/x-csharp
		$0.CSharpFormattingPolicy = $2
		$2.inheritsSet = Mono
		$2.inheritsScope = text/x-csharp
		$2.scope = text/x-csharp
		$0.TextStylePolicy = $3
		$3.FileWidth = 120
		$3.TabWidth = 4
		$3.IndentWidth = 4
		$3.EolMarker = Unix
		$3.inheritsSet = Mono
		$3.inheritsScope = text/plain
		$3.scope = text/plain
	EndGlobalSection

EndGlobal
